
Microsoft Visual Studio Solution File, Format Version 12.00
# Visual Studio 15
VisualStudioVersion = 15.0.28307.421
MinimumVisualStudioVersion = 10.0.40219.1
Project("{FAE04EC0-301F-11D3-BF4B-00C04F79EFBC}") = "CL.ReportGenerator", "CLReportGenerator\CL.ReportGenerator.csproj", "{3A039FC4-4BD0-420D-A53E-D7967F6DF511}"
EndProject
Project("{FAE04EC0-301F-11D3-BF4B-00C04F79EFBC}") = "CL.ReportGenerator.RazorEngine", "CL.ReportGenerator.RazorEngine\CL.ReportGenerator.RazorEngine.csproj", "{D5194D87-EA4B-40F5-86FB-5289D4A202A6}"
EndProject
Project("{FAE04EC0-301F-11D3-BF4B-00C04F79EFBC}") = "CL.ReportGenerator.Demo", "CL.ReportGenerator.Demo\CL.ReportGenerator.Demo.csproj", "{185354ED-6BB7-47EF-A03B-6813E4DFF759}"
EndProject
Global
	GlobalSection(SolutionConfigurationPlatforms) = preSolution
		Debug|Any CPU = Debug|Any CPU
		Release|Any CPU = Release|Any CPU
	EndGlobalSection
	GlobalSection(ProjectConfigurationPlatforms) = postSolution
		{3A039FC4-4BD0-420D-A53E-D7967F6DF511}.Debug|Any CPU.ActiveCfg = Debug|Any CPU
		{3A039FC4-4BD0-420D-A53E-D7967F6DF511}.Debug|Any CPU.Build.0 = Debug|Any CPU
		{3A039FC4-4BD0-420D-A53E-D7967F6DF511}.Release|Any CPU.ActiveCfg = Release|Any CPU
		{3A039FC4-4BD0-420D-A53E-D7967F6DF511}.Release|Any CPU.Build.0 = Release|Any CPU
		{D5194D87-EA4B-40F5-86FB-5289D4A202A6}.Debug|Any CPU.ActiveCfg = Debug|Any CPU
		{D5194D87-EA4B-40F5-86FB-5289D4A202A6}.Debug|Any CPU.Build.0 = Debug|Any CPU
		{D5194D87-EA4B-40F5-86FB-5289D4A202A6}.Release|Any CPU.ActiveCfg = Release|Any CPU
		{D5194D87-EA4B-40F5-86FB-5289D4A202A6}.Release|Any CPU.Build.0 = Release|Any CPU
		{185354ED-6BB7-47EF-A03B-6813E4DFF759}.Debug|Any CPU.ActiveCfg = Debug|Any CPU
		{185354ED-6BB7-47EF-A03B-6813E4DFF759}.Debug|Any CPU.Build.0 = Debug|Any CPU
		{185354ED-6BB7-47EF-A03B-6813E4DFF759}.Release|Any CPU.ActiveCfg = Release|Any CPU
		{185354ED-6BB7-47EF-A03B-6813E4DFF759}.Release|Any CPU.Build.0 = Release|Any CPU
	EndGlobalSection
	GlobalSection(SolutionProperties) = preSolution
		HideSolutionNode = FALSE
	EndGlobalSection
	GlobalSection(ExtensibilityGlobals) = postSolution
		SolutionGuid = {46D40ADF-53B6-46C7-841E-DCB32B7F4D8D}
	EndGlobalSection
EndGlobal
